// !$*UTF8*$!
{
	archiveVersion = 1;
	classes = {
	};
	objectVersion = 46;
	objects = {

/* Begin PBXBuildFile section */
		2A2686821A15823200BD67B0 /* main.m in Sources */ = {isa = PBXBuildFile; fileRef = 2A2686811A15823200BD67B0 /* main.m */; };
		2A2686851A15823200BD67B0 /* AppDelegate.m in Sources */ = {isa = PBXBuildFile; fileRef = 2A2686841A15823200BD67B0 /* AppDelegate.m */; };
		2A2686881A15823200BD67B0 /* ViewController.m in Sources */ = {isa = PBXBuildFile; fileRef = 2A2686871A15823200BD67B0 /* ViewController.m */; };
		2A26868B1A15823200BD67B0 /* Main.storyboard in Resources */ = {isa = PBXBuildFile; fileRef = 2A2686891A15823200BD67B0 /* Main.storyboard */; };
		2A26868D1A15823200BD67B0 /* Images.xcassets in Resources */ = {isa = PBXBuildFile; fileRef = 2A26868C1A15823200BD67B0 /* Images.xcassets */; };
		2A2686901A15823200BD67B0 /* LaunchScreen.xib in Resources */ = {isa = PBXBuildFile; fileRef = 2A26868E1A15823200BD67B0 /* LaunchScreen.xib */; };
		2A26869C1A15823300BD67B0 /* UIScrollView_Challenge_SolutionTests.m in Sources */ = {isa = PBXBuildFile; fileRef = 2A26869B1A15823300BD67B0 /* UIScrollView_Challenge_SolutionTests.m */; };
/* End PBXBuildFile section */

/* Begin PBXContainerItemProxy section */
		2A2686961A15823300BD67B0 /* PBXContainerItemProxy */ = {
			isa = PBXContainerItemProxy;
			containerPortal = 2A2686741A15823200BD67B0 /* Project object */;
			proxyType = 1;
			remoteGlobalIDString = 2A26867B1A15823200BD67B0;
			remoteInfo = "UIScrollView Challenge Solution";
		};
/* End PBXContainerItemProxy section */

/* Begin PBXFileReference section */
		2A26867C1A15823200BD67B0 /* UIScrollView Challenge Solution.app */ = {isa = PBXFileReference; explicitFileType = wrapper.application; includeInIndex = 0; path = "UIScrollView Challenge Solution.app"; sourceTree = BUILT_PRODUCTS_DIR; };
		2A2686801A15823200BD67B0 /* Info.plist */ = {isa = PBXFileReference; lastKnownFileType = text.plist.xml; path = Info.plist; sourceTree = "<group>"; };
		2A2686811A15823200BD67B0 /* main.m */ = {isa = PBXFileReference; lastKnownFileType = sourcecode.c.objc; path = main.m; sourceTree = "<group>"; };
		2A2686831A15823200BD67B0 /* AppDelegate.h */ = {isa = PBXFileReference; lastKnownFileType = sourcecode.c.h; path = AppDelegate.h; sourceTree = "<group>"; };
		2A2686841A15823200BD67B0 /* AppDelegate.m */ = {isa = PBXFileReference; lastKnownFileType = sourcecode.c.objc; path = AppDelegate.m; sourceTree = "<group>"; };
		2A2686861A15823200BD67B0 /* ViewController.h */ = {isa = PBXFileReference; lastKnownFileType = sourcecode.c.h; path = ViewController.h; sourceTree = "<group>"; };
		2A2686871A15823200BD67B0 /* ViewController.m */ = {isa = PBXFileReference; lastKnownFileType = sourcecode.c.objc; path = ViewController.m; sourceTree = "<group>"; };
		2A26868A1A15823200BD67B0 /* Base */ = {isa = PBXFileReference; lastKnownFileType = file.storyboard; name = Base; path = Base.lproj/Main.storyboard; sourceTree = "<group>"; };
		2A26868C1A15823200BD67B0 /* Images.xcassets */ = {isa = PBXFileReference; lastKnownFileType = folder.assetcatalog; path = Images.xcassets; sourceTree = "<group>"; };
		2A26868F1A15823200BD67B0 /* Base */ = {isa = PBXFileReference; lastKnownFileType = file.xib; name = Base; path = Base.lproj/LaunchScreen.xib; sourceTree = "<group>"; };
		2A2686951A15823300BD67B0 /* UIScrollView Challenge SolutionTests.xctest */ = {isa = PBXFileReference; explicitFileType = wrapper.cfbundle; includeInIndex = 0; path = "UIScrollView Challenge SolutionTests.xctest"; sourceTree = BUILT_PRODUCTS_DIR; };
		2A26869A1A15823300BD67B0 /* Info.plist */ = {isa = PBXFileReference; lastKnownFileType = text.plist.xml; path = Info.plist; sourceTree = "<group>"; };
		2A26869B1A15823300BD67B0 /* UIScrollView_Challenge_SolutionTests.m */ = {isa = PBXFileReference; lastKnownFileType = sourcecode.c.objc; path = UIScrollView_Challenge_SolutionTests.m; sourceTree = "<group>"; };
/* End PBXFileReference section */

/* Begin PBXFrameworksBuildPhase section */
		2A2686791A15823200BD67B0 /* Frameworks */ = {
			isa = PBXFrameworksBuildPhase;
			buildActionMask = 2147483647;
			files = (
			);
			runOnlyForDeploymentPostprocessing = 0;
		};
		2A2686921A15823300BD67B0 /* Frameworks */ = {
			isa = PBXFrameworksBuildPhase;
			buildActionMask = 2147483647;
			files = (
			);
			runOnlyForDeploymentPostprocessing = 0;
		};
/* End PBXFrameworksBuildPhase section */

/* Begin PBXGroup section */
		2A2686731A15823200BD67B0 = {
			isa = PBXGroup;
			children = (
				2A26867E1A15823200BD67B0 /* UIScrollView Challenge Solution */,
				2A2686981A15823300BD67B0 /* UIScrollView Challenge SolutionTests */,
				2A26867D1A15823200BD67B0 /* Products */,
			);
			sourceTree = "<group>";
		};
		2A26867D1A15823200BD67B0 /* Products */ = {
			isa = PBXGroup;
			children = (
				2A26867C1A15823200BD67B0 /* UIScrollView Challenge Solution.app */,
				2A2686951A15823300BD67B0 /* UIScrollView Challenge SolutionTests.xctest */,
			);
			name = Products;
			sourceTree = "<group>";
		};
		2A26867E1A15823200BD67B0 /* UIScrollView Challenge Solution */ = {
			isa = PBXGroup;
			children = (
				2A2686831A15823200BD67B0 /* AppDelegate.h */,
				2A2686841A15823200BD67B0 /* AppDelegate.m */,
				2A2686861A15823200BD67B0 /* ViewController.h */,
				2A2686871A15823200BD67B0 /* ViewController.m */,
				2A2686891A15823200BD67B0 /* Main.storyboard */,
				2A26868C1A15823200BD67B0 /* Images.xcassets */,
				2A26868E1A15823200BD67B0 /* LaunchScreen.xib */,
				2A26867F1A15823200BD67B0 /* Supporting Files */,
			);
			path = "UIScrollView Challenge Solution";
			sourceTree = "<group>";
		};
		2A26867F1A15823200BD67B0 /* Supporting Files */ = {
			isa = PBXGroup;
			children = (
				2A2686801A15823200BD67B0 /* Info.plist */,
				2A2686811A15823200BD67B0 /* main.m */,
			);
			name = "Supporting Files";
			sourceTree = "<group>";
		};
		2A2686981A15823300BD67B0 /* UIScrollView Challenge SolutionTests */ = {
			isa = PBXGroup;
			children = (
				2A26869B1A15823300BD67B0 /* UIScrollView_Challenge_SolutionTests.m */,
				2A2686991A15823300BD67B0 /* Supporting Files */,
			);
			path = "UIScrollView Challenge SolutionTests";
			sourceTree = "<group>";
		};
		2A2686991A15823300BD67B0 /* Supporting Files */ = {
			isa = PBXGroup;
			children = (
				2A26869A1A15823300BD67B0 /* Info.plist */,
			);
			name = "Supporting Files";
			sourceTree = "<group>";
		};
/* End PBXGroup section */

/* Begin PBXNativeTarget section */
		2A26867B1A15823200BD67B0 /* UIScrollView Challenge Solution */ = {
			isa = PBXNativeTarget;
			buildConfigurationList = 2A26869F1A15823300BD67B0 /* Build configuration list for PBXNativeTarget "UIScrollView Challenge Solution" */;
			buildPhases = (
				2A2686781A15823200BD67B0 /* Sources */,
				2A2686791A15823200BD67B0 /* Frameworks */,
				2A26867A1A15823200BD67B0 /* Resources */,
			);
			buildRules = (
			);
			dependencies = (
			);
			name = "UIScrollView Challenge Solution";
			productName = "UIScrollView Challenge Solution";
			productReference = 2A26867C1A15823200BD67B0 /* UIScrollView Challenge Solution.app */;
			productType = "com.apple.product-type.application";
		};
		2A2686941A15823300BD67B0 /* UIScrollView Challenge SolutionTests */ = {
			isa = PBXNativeTarget;
			buildConfigurationList = 2A2686A21A15823300BD67B0 /* Build configuration list for PBXNativeTarget "UIScrollView Challenge SolutionTests" */;
			buildPhases = (
				2A2686911A15823300BD67B0 /* Sources */,
				2A2686921A15823300BD67B0 /* Frameworks */,
				2A2686931A15823300BD67B0 /* Resources */,
			);
			buildRules = (
			);
			dependencies = (
				2A2686971A15823300BD67B0 /* PBXTargetDependency */,
			);
			name = "UIScrollView Challenge SolutionTests";
			productName = "UIScrollView Challenge SolutionTests";
			productReference = 2A2686951A15823300BD67B0 /* UIScrollView Challenge SolutionTests.xctest */;
			productType = "com.apple.product-type.bundle.unit-test";
		};
/* End PBXNativeTarget section */

/* Begin PBXProject section */
		2A2686741A15823200BD67B0 /* Project object */ = {
			isa = PBXProject;
			attributes = {
				LastUpgradeCheck = 0610;
				ORGANIZATIONNAME = "Harry Chow";
				TargetAttributes = {
					2A26867B1A15823200BD67B0 = {
						CreatedOnToolsVersion = 6.1;
					};
					2A2686941A15823300BD67B0 = {
						CreatedOnToolsVersion = 6.1;
						TestTargetID = 2A26867B1A15823200BD67B0;
					};
				};
			};
			buildConfigurationList = 2A2686771A15823200BD67B0 /* Build configuration list for PBXProject "UIScrollView Challenge Solution" */;
			compatibilityVersion = "Xcode 3.2";
			developmentRegion = English;
			hasScannedForEncodings = 0;
			knownRegions = (
				en,
				Base,
			);
			mainGroup = 2A2686731A15823200BD67B0;
			productRefGroup = 2A26867D1A15823200BD67B0 /* Products */;
			projectDirPath = "";
			projectRoot = "";
			targets = (
				2A26867B1A15823200BD67B0 /* UIScrollView Challenge Solution */,
				2A2686941A15823300BD67B0 /* UIScrollView Challenge SolutionTests */,
			);
		};
/* End PBXProject section */

/* Begin PBXResourcesBuildPhase section */
		2A26867A1A15823200BD67B0 /* Resources */ = {
			isa = PBXResourcesBuildPhase;
			buildActionMask = 2147483647;
			files = (
				2A26868B1A15823200BD67B0 /* Main.storyboard in Resources */,
				2A2686901A15823200BD67B0 /* LaunchScreen.xib in Resources */,
				2A26868D1A15823200BD67B0 /* Images.xcassets in Resources */,
			);
			runOnlyForDeploymentPostprocessing = 0;
		};
		2A2686931A15823300BD67B0 /* Resources */ = {
			isa = PBXResourcesBuildPhase;
			buildActionMask = 2147483647;
			files = (
			);
			runOnlyForDeploymentPostprocessing = 0;
		};
/* End PBXResourcesBuildPhase section */

/* Begin PBXSourcesBuildPhase section */
		2A2686781A15823200BD67B0 /* Sources */ = {
			isa = PBXSourcesBuildPhase;
			buildActionMask = 2147483647;
			files = (
				2A2686881A15823200BD67B0 /* ViewController.m in Sources */,
				2A2686851A15823200BD67B0 /* AppDelegate.m in Sources */,
				2A2686821A15823200BD67B0 /* main.m in Sources */,
			);
			runOnlyForDeploymentPostprocessing = 0;
		};
		2A2686911A15823300BD67B0 /* Sources */ = {
			isa = PBXSourcesBuildPhase;
			buildActionMask = 2147483647;
			files = (
				2A26869C1A15823300BD67B0 /* UIScrollView_Challenge_SolutionTests.m in Sources */,
			);
			runOnlyForDeploymentPostprocessing = 0;
		};
/* End PBXSourcesBuildPhase section */

/* Begin PBXTargetDependency section */
		2A2686971A15823300BD67B0 /* PBXTargetDependency */ = {
			isa = PBXTargetDependency;
			target = 2A26867B1A15823200BD67B0 /* UIScrollView Challenge Solution */;
			targetProxy = 2A2686961A15823300BD67B0 /* PBXContainerItemProxy */;
		};
/* End PBXTargetDependency section */

/* Begin PBXVariantGroup section */
		2A2686891A15823200BD67B0 /* Main.storyboard */ = {
			isa = PBXVariantGroup;
			children = (
				2A26868A1A15823200BD67B0 /* Base */,
			);
			name = Main.storyboard;
			sourceTree = "<group>";
		};
		2A26868E1A15823200BD67B0 /* LaunchScreen.xib */ = {
			isa = PBXVariantGroup;
			children = (
				2A26868F1A15823200BD67B0 /* Base */,
			);
			name = LaunchScreen.xib;
			sourceTree = "<group>";
		};
/* End PBXVariantGroup section */

/* Begin XCBuildConfiguration section */
		2A26869D1A15823300BD67B0 /* Debug */ = {
			isa = XCBuildConfiguration;
			buildSettings = {
				ALWAYS_SEARCH_USER_PATHS = NO;
				CLANG_CXX_LANGUAGE_STANDARD = "gnu++0x";
				CLANG_CXX_LIBRARY = "libc++";
				CLANG_ENABLE_MODULES = YES;
				CLANG_ENABLE_OBJC_ARC = YES;
				CLANG_WARN_BOOL_CONVERSION = YES;
				CLANG_WARN_CONSTANT_CONVERSION = YES;
				CLANG_WARN_DIRECT_OBJC_ISA_USAGE = YES_ERROR;
				CLANG_WARN_EMPTY_BODY = YES;
				CLANG_WARN_ENUM_CONVERSION = YES;
				CLANG_WARN_INT_CONVERSION = YES;
				CLANG_WARN_OBJC_ROOT_CLASS = YES_ERROR;
				CLANG_WARN_UNREACHABLE_CODE = YES;
				CLANG_WARN__DUPLICATE_METHOD_MATCH = YES;
				"CODE_SIGN_IDENTITY[sdk=iphoneos*]" = "iPhone Developer";
				COPY_PHASE_STRIP = NO;
				ENABLE_STRICT_OBJC_MSGSEND = YES;
				GCC_C_LANGUAGE_STANDARD = gnu99;
				GCC_DYNAMIC_NO_PIC = NO;
				GCC_OPTIMIZATION_LEVEL = 0;
				GCC_PREPROCESSOR_DEFINITIONS = (
					"DEBUG=1",
					"$(inherited)",
				);
				GCC_SYMBOLS_PRIVATE_EXTERN = NO;
				GCC_WARN_64_TO_32_BIT_CONVERSION = YES;
				GCC_WARN_ABOUT_RETURN_TYPE = YES_ERROR;
				GCC_WARN_UNDECLARED_SELECTOR = YES;
				GCC_WARN_UNINITIALIZED_AUTOS = YES_AGGRESSIVE;
				GCC_WARN_UNUSED_FUNCTION = YES;
				GCC_WARN_UNUSED_VARIABLE = YES;
				IPHONEOS_DEPLOYMENT_TARGET = 8.1;
				MTL_ENABLE_DEBUG_INFO = YES;
				ONLY_ACTIVE_ARCH = YES;
				SDKROOT = iphoneos;
				TARGETED_DEVICE_FAMILY = "1,2";
			};
			name = Debug;
		};
		2A26869E1A15823300BD67B0 /* Release */ = {
			isa = XCBuildConfiguration;
			buildSettings = {
				ALWAYS_SEARCH_USER_PATHS = NO;
				CLANG_CXX_LANGUAGE_STANDARD = "gnu++0x";
				CLANG_CXX_LIBRARY = "libc++";
				CLANG_ENABLE_MODULES = YES;
				CLANG_ENABLE_OBJC_ARC = YES;
				CLANG_WARN_BOOL_CONVERSION = YES;
				CLANG_WARN_CONSTANT_CONVERSION = YES;
				CLANG_WARN_DIRECT_OBJC_ISA_USAGE = YES_ERROR;
				CLANG_WARN_EMPTY_BODY = YES;
				CLANG_WARN_ENUM_CONVERSION = YES;
				CLANG_WARN_INT_CONVERSION = YES;
				CLANG_WARN_OBJC_ROOT_CLASS = YES_ERROR;
				CLANG_WARN_UNREACHABLE_CODE = YES;
				CLANG_WARN__DUPLICATE_METHOD_MATCH = YES;
				"CODE_SIGN_IDENTITY[sdk=iphoneos*]" = "iPhone Developer";
				COPY_PHASE_STRIP = YES;
				ENABLE_NS_ASSERTIONS = NO;
				ENABLE_STRICT_OBJC_MSGSEND = YES;
				GCC_C_LANGUAGE_STANDARD = gnu99;
				GCC_WARN_64_TO_32_BIT_CONVERSION = YES;
				GCC_WARN_ABOUT_RETURN_TYPE = YES_ERROR;
				GCC_WARN_UNDECLARED_SELECTOR = YES;
				GCC_WARN_UNINITIALIZED_AUTOS = YES_AGGRESSIVE;
				GCC_WARN_UNUSED_FUNCTION = YES;
				GCC_WARN_UNUSED_VARIABLE = YES;
				IPHONEOS_DEPLOYMENT_TARGET = 8.1;
				MTL_ENABLE_DEBUG_INFO = NO;
				SDKROOT = iphoneos;
				TARGETED_DEVICE_FAMILY = "1,2";
				VALIDATE_PRODUCT = YES;
			};
			name = Release;
		};
		2A2686A01A15823300BD67B0 /* Debug */ = {
			isa = XCBuildConfiguration;
			buildSettings = {
				ASSETCATALOG_COMPILER_APPICON_NAME = AppIcon;
				INFOPLIST_FILE = "UIScrollView Challenge Solution/Info.plist";
				LD_RUNPATH_SEARCH_PATHS = "$(inherited) @executable_path/Frameworks";
				PRODUCT_NAME = "$(TARGET_NAME)";
			};
			name = Debug;
		};
		2A2686A11A15823300BD67B0 /* Release */ = {
			isa = XCBuildConfiguration;
			buildSettings = {
				ASSETCATALOG_COMPILER_APPICON_NAME = AppIcon;
				INFOPLIST_FILE = "UIScrollView Challenge Solution/Info.plist";
				LD_RUNPATH_SEARCH_PATHS = "$(inherited) @executable_path/Frameworks";
				PRODUCT_NAME = "$(TARGET_NAME)";
			};
			name = Release;
		};
		2A2686A31A15823300BD67B0 /* Debug */ = {
			isa = XCBuildConfiguration;
			buildSettings = {
				BUNDLE_LOADER = "$(TEST_HOST)";
				FRAMEWORK_SEARCH_PATHS = (
					"$(SDKROOT)/Developer/Library/Frameworks",
					"$(inherited)",
				);
				GCC_PREPROCESSOR_DEFINITIONS = (
					"DEBUG=1",
					"$(inherited)",
				);
				INFOPLIST_FILE = "UIScrollView Challenge SolutionTests/Info.plist";
				LD_RUNPATH_SEARCH_PATHS = "$(inherited) @executable_path/Frameworks @loader_path/Frameworks";
				PRODUCT_NAME = "$(TARGET_NAME)";
				TEST_HOST = "$(BUILT_PRODUCTS_DIR)/UIScrollView Challenge Solution.app/UIScrollView Challenge Solution";
			};
			name = Debug;
		};
		2A2686A41A15823300BD67B0 /* Release */ = {
			isa = XCBuildConfiguration;
			buildSettings = {
				BUNDLE_LOADER = "$(TEST_HOST)";
				FRAMEWORK_SEARCH_PATHS = (
					"$(SDKROOT)/Developer/Library/Frameworks",
					"$(inherited)",
				);
				INFOPLIST_FILE = "UIScrollView Challenge SolutionTests/Info.plist";
				LD_RUNPATH_SEARCH_PATHS = "$(inherited) @executable_path/Frameworks @loader_path/Frameworks";
				PRODUCT_NAME = "$(TARGET_NAME)";
				TEST_HOST = "$(BUILT_PRODUCTS_DIR)/UIScrollView Challenge Solution.app/UIScrollView Challenge Solution";
			};
			name = Release;
		};
/* End XCBuildConfiguration section */

/* Begin XCConfigurationList section */
		2A2686771A15823200BD67B0 /* Build configuration list for PBXProject "UIScrollView Challenge Solution" */ = {
			isa = XCConfigurationList;
			buildConfigurations = (
				2A26869D1A15823300BD67B0 /* Debug */,
				2A26869E1A15823300BD67B0 /* Release */,
			);
			defaultConfigurationIsVisible = 0;
			defaultConfigurationName = Release;
		};
		2A26869F1A15823300BD67B0 /* Build configuration list for PBXNativeTarget "UIScrollView Challenge Solution" */ = {
			isa = XCConfigurationList;
			buildConfigurations = (
				2A2686A01A15823300BD67B0 /* Debug */,
				2A2686A11A15823300BD67B0 /* Release */,
			);
			defaultConfigurationIsVisible = 0;
		};
		2A2686A21A15823300BD67B0 /* Build configuration list for PBXNativeTarget "UIScrollView Challenge SolutionTests" */ = {
			isa = XCConfigurationList;
			buildConfigurations = (
				2A2686A31A15823300BD67B0 /* Debug */,
				2A2686A41A15823300BD67B0 /* Release */,
			);
			defaultConfigurationIsVisible = 0;
		};
/* End XCConfigurationList section */
	};
	rootObject = 2A2686741A15823200BD67B0 /* Project object */;
}
